
Microsoft Visual Studio Solution File, Format Version 12.00
# Visual Studio 15
VisualStudioVersion = 15.0.28307.1259
MinimumVisualStudioVersion = 10.0.40219.1
Project("{888888A0-9F3D-457C-B088-3A5042F75D52}") = "Snake", "Snake\Snake.pyproj", "{8542A2E3-6E93-4DCF-A7D6-DC2A0A089762}"
EndProject
Global
	GlobalSection(SolutionConfigurationPlatforms) = preSolution
		Debug|Any CPU = Debug|Any CPU
		Release|Any CPU = Release|Any CPU
	EndGlobalSection
	GlobalSection(ProjectConfigurationPlatforms) = postSolution
		{8542A2E3-6E93-4DCF-A7D6-DC2A0A089762}.Debug|Any CPU.ActiveCfg = Debug|Any CPU
		{8542A2E3-6E93-4DCF-A7D6-DC2A0A089762}.Release|Any CPU.ActiveCfg = Release|Any CPU
	EndGlobalSection
	GlobalSection(SolutionProperties) = preSolution
		HideSolutionNode = FALSE
	EndGlobalSection
	GlobalSection(ExtensibilityGlobals) = postSolution
		SolutionGuid = {938151E0-0EEA-4D5B-BED0-913C347DA6D0}
	EndGlobalSection
EndGlobal
